
Microsoft Visual Studio Solution File, Format Version 12.00
# Visual Studio Version 16
VisualStudioVersion = 16.0.30621.155
MinimumVisualStudioVersion = 10.0.40219.1
Project("{FAE04EC0-301F-11D3-BF4B-00C04F79EFBC}") = "LiveSplit.AutoSplittingRuntime", "LiveSplit.AutoSplittingRuntime.csproj", "{1C2CA4E2-4DED-4BFD-BAAF-3D7EEA82D963}"
EndProject
Global
	GlobalSection(SolutionConfigurationPlatforms) = preSolution
		Debug|Any CPU = Debug|Any CPU
		Release|Any CPU = Release|Any CPU
	EndGlobalSection
	GlobalSection(ProjectConfigurationPlatforms) = postSolution
		{1C2CA4E2-4DED-4BFD-BAAF-3D7EEA82D963}.Debug|Any CPU.ActiveCfg = Debug|Any CPU
		{1C2CA4E2-4DED-4BFD-BAAF-3D7EEA82D963}.Debug|Any CPU.Build.0 = Debug|Any CPU
		{1C2CA4E2-4DED-4BFD-BAAF-3D7EEA82D963}.Release|Any CPU.ActiveCfg = Release|Any CPU
		{1C2CA4E2-4DED-4BFD-BAAF-3D7EEA82D963}.Release|Any CPU.Build.0 = Release|Any CPU
	EndGlobalSection
	GlobalSection(SolutionProperties) = preSolution
		HideSolutionNode = FALSE
	EndGlobalSection
	GlobalSection(ExtensibilityGlobals) = postSolution
		SolutionGuid = {0213B78E-CE48-474B-9C07-518851A97EF2}
	EndGlobalSection
EndGlobal
